
Microsoft Visual Studio Solution File, Format Version 12.00
# Visual Studio Version 16
VisualStudioVersion = 16.0.29230.47
MinimumVisualStudioVersion = 10.0.40219.1
Project("{9A19103F-16F7-4668-BE54-9A1E7A4F7556}") = "BL", "BL\BL.csproj", "{5467BAFF-7FE1-459A-9CFE-2F265F6AFF60}"
EndProject
Project("{9A19103F-16F7-4668-BE54-9A1E7A4F7556}") = "BL.Tests", "BL.Tests\BL.Tests.csproj", "{80EB8A4D-EF5B-4398-A2FE-AC06544865EC}"
EndProject
Global
	GlobalSection(SolutionConfigurationPlatforms) = preSolution
		Debug|Any CPU = Debug|Any CPU
		Release|Any CPU = Release|Any CPU
	EndGlobalSection
	GlobalSection(ProjectConfigurationPlatforms) = postSolution
		{5467BAFF-7FE1-459A-9CFE-2F265F6AFF60}.Debug|Any CPU.ActiveCfg = Debug|Any CPU
		{5467BAFF-7FE1-459A-9CFE-2F265F6AFF60}.Debug|Any CPU.Build.0 = Debug|Any CPU
		{5467BAFF-7FE1-459A-9CFE-2F265F6AFF60}.Release|Any CPU.ActiveCfg = Release|Any CPU
		{5467BAFF-7FE1-459A-9CFE-2F265F6AFF60}.Release|Any CPU.Build.0 = Release|Any CPU
		{80EB8A4D-EF5B-4398-A2FE-AC06544865EC}.Debug|Any CPU.ActiveCfg = Debug|Any CPU
		{80EB8A4D-EF5B-4398-A2FE-AC06544865EC}.Debug|Any CPU.Build.0 = Debug|Any CPU
		{80EB8A4D-EF5B-4398-A2FE-AC06544865EC}.Release|Any CPU.ActiveCfg = Release|Any CPU
		{80EB8A4D-EF5B-4398-A2FE-AC06544865EC}.Release|Any CPU.Build.0 = Release|Any CPU
	EndGlobalSection
	GlobalSection(SolutionProperties) = preSolution
		HideSolutionNode = FALSE
	EndGlobalSection
	GlobalSection(ExtensibilityGlobals) = postSolution
		SolutionGuid = {05C2D80A-1E19-4F63-9044-E1611CD1DCE0}
	EndGlobalSection
EndGlobal
